// !$*UTF8*$!
{
	archiveVersion = 1;
	classes = {
	};
	objectVersion = 46;
	objects = {

/* Begin PBXBuildFile section */
		F1B7EB2F1DFABFB5000C0B02 /* AppDelegate.swift in Sources */ = {isa = PBXBuildFile; fileRef = F1B7EB2E1DFABFB5000C0B02 /* AppDelegate.swift */; };
		F1B7EB341DFABFB5000C0B02 /* Main.storyboard in Resources */ = {isa = PBXBuildFile; fileRef = F1B7EB321DFABFB5000C0B02 /* Main.storyboard */; };
		F1B7EB361DFABFB5000C0B02 /* Assets.xcassets in Resources */ = {isa = PBXBuildFile; fileRef = F1B7EB351DFABFB5000C0B02 /* Assets.xcassets */; };
		F1B7EB391DFABFB5000C0B02 /* LaunchScreen.storyboard in Resources */ = {isa = PBXBuildFile; fileRef = F1B7EB371DFABFB5000C0B02 /* LaunchScreen.storyboard */; };
		F1B7EB451DFAC282000C0B02 /* Animal.swift in Sources */ = {isa = PBXBuildFile; fileRef = F1B7EB441DFAC282000C0B02 /* Animal.swift */; };
		F1B7EB471DFAC529000C0B02 /* AnimaisTableViewController.swift in Sources */ = {isa = PBXBuildFile; fileRef = F1B7EB461DFAC529000C0B02 /* AnimaisTableViewController.swift */; };
		F1B7EB491DFACBC2000C0B02 /* AnimalTableViewCell.swift in Sources */ = {isa = PBXBuildFile; fileRef = F1B7EB481DFACBC2000C0B02 /* AnimalTableViewCell.swift */; };
		F1B7EB4B1DFADE56000C0B02 /* step-by-step in Resources */ = {isa = PBXBuildFile; fileRef = F1B7EB4A1DFADE56000C0B02 /* step-by-step */; };
/* End PBXBuildFile section */

/* Begin PBXFileReference section */
		F1B7EB2B1DFABFB5000C0B02 /* ExemploTableView.app */ = {isa = PBXFileReference; explicitFileType = wrapper.application; includeInIndex = 0; path = ExemploTableView.app; sourceTree = BUILT_PRODUCTS_DIR; };
		F1B7EB2E1DFABFB5000C0B02 /* AppDelegate.swift */ = {isa = PBXFileReference; lastKnownFileType = sourcecode.swift; path = AppDelegate.swift; sourceTree = "<group>"; };
		F1B7EB331DFABFB5000C0B02 /* Base */ = {isa = PBXFileReference; lastKnownFileType = file.storyboard; name = Base; path = Base.lproj/Main.storyboard; sourceTree = "<group>"; };
		F1B7EB351DFABFB5000C0B02 /* Assets.xcassets */ = {isa = PBXFileReference; lastKnownFileType = folder.assetcatalog; path = Assets.xcassets; sourceTree = "<group>"; };
		F1B7EB381DFABFB5000C0B02 /* Base */ = {isa = PBXFileReference; lastKnownFileType = file.storyboard; name = Base; path = Base.lproj/LaunchScreen.storyboard; sourceTree = "<group>"; };
		F1B7EB3A1DFABFB5000C0B02 /* Info.plist */ = {isa = PBXFileReference; lastKnownFileType = text.plist.xml; path = Info.plist; sourceTree = "<group>"; };
		F1B7EB441DFAC282000C0B02 /* Animal.swift */ = {isa = PBXFileReference; fileEncoding = 4; lastKnownFileType = sourcecode.swift; path = Animal.swift; sourceTree = "<group>"; };
		F1B7EB461DFAC529000C0B02 /* AnimaisTableViewController.swift */ = {isa = PBXFileReference; fileEncoding = 4; lastKnownFileType = sourcecode.swift; path = AnimaisTableViewController.swift; sourceTree = "<group>"; };
		F1B7EB481DFACBC2000C0B02 /* AnimalTableViewCell.swift */ = {isa = PBXFileReference; fileEncoding = 4; lastKnownFileType = sourcecode.swift; path = AnimalTableViewCell.swift; sourceTree = "<group>"; };
		F1B7EB4A1DFADE56000C0B02 /* step-by-step */ = {isa = PBXFileReference; fileEncoding = 4; lastKnownFileType = text; path = "step-by-step"; sourceTree = "<group>"; };
/* End PBXFileReference section */

/* Begin PBXFrameworksBuildPhase section */
		F1B7EB281DFABFB5000C0B02 /* Frameworks */ = {
			isa = PBXFrameworksBuildPhase;
			buildActionMask = 2147483647;
			files = (
			);
			runOnlyForDeploymentPostprocessing = 0;
		};
/* End PBXFrameworksBuildPhase section */

/* Begin PBXGroup section */
		F1B7EB221DFABFB5000C0B02 = {
			isa = PBXGroup;
			children = (
				F1B7EB2D1DFABFB5000C0B02 /* ExemploTableView */,
				F1B7EB2C1DFABFB5000C0B02 /* Products */,
			);
			sourceTree = "<group>";
		};
		F1B7EB2C1DFABFB5000C0B02 /* Products */ = {
			isa = PBXGroup;
			children = (
				F1B7EB2B1DFABFB5000C0B02 /* ExemploTableView.app */,
			);
			name = Products;
			sourceTree = "<group>";
		};
		F1B7EB2D1DFABFB5000C0B02 /* ExemploTableView */ = {
			isa = PBXGroup;
			children = (
				F1B7EB4A1DFADE56000C0B02 /* step-by-step */,
				F1B7EB421DFAC264000C0B02 /* Model */,
				F1B7EB411DFAC25E000C0B02 /* View */,
				F1B7EB431DFAC268000C0B02 /* Controller */,
				F1B7EB351DFABFB5000C0B02 /* Assets.xcassets */,
				F1B7EB401DFAC1C0000C0B02 /* Supporting Files */,
			);
			path = ExemploTableView;
			sourceTree = "<group>";
		};
		F1B7EB401DFAC1C0000C0B02 /* Supporting Files */ = {
			isa = PBXGroup;
			children = (
				F1B7EB2E1DFABFB5000C0B02 /* AppDelegate.swift */,
				F1B7EB371DFABFB5000C0B02 /* LaunchScreen.storyboard */,
				F1B7EB3A1DFABFB5000C0B02 /* Info.plist */,
			);
			name = "Supporting Files";
			sourceTree = "<group>";
		};
		F1B7EB411DFAC25E000C0B02 /* View */ = {
			isa = PBXGroup;
			children = (
				F1B7EB321DFABFB5000C0B02 /* Main.storyboard */,
			);
			name = View;
			sourceTree = "<group>";
		};
		F1B7EB421DFAC264000C0B02 /* Model */ = {
			isa = PBXGroup;
			children = (
				F1B7EB441DFAC282000C0B02 /* Animal.swift */,
				F1B7EB481DFACBC2000C0B02 /* AnimalTableViewCell.swift */,
			);
			name = Model;
			sourceTree = "<group>";
		};
		F1B7EB431DFAC268000C0B02 /* Controller */ = {
			isa = PBXGroup;
			children = (
				F1B7EB461DFAC529000C0B02 /* AnimaisTableViewController.swift */,
			);
			name = Controller;
			sourceTree = "<group>";
		};
/* End PBXGroup section */

/* Begin PBXNativeTarget section */
		F1B7EB2A1DFABFB5000C0B02 /* ExemploTableView */ = {
			isa = PBXNativeTarget;
			buildConfigurationList = F1B7EB3D1DFABFB5000C0B02 /* Build configuration list for PBXNativeTarget "ExemploTableView" */;
			buildPhases = (
				F1B7EB271DFABFB5000C0B02 /* Sources */,
				F1B7EB281DFABFB5000C0B02 /* Frameworks */,
				F1B7EB291DFABFB5000C0B02 /* Resources */,
			);
			buildRules = (
			);
			dependencies = (
			);
			name = ExemploTableView;
			productName = ExemploTableView;
			productReference = F1B7EB2B1DFABFB5000C0B02 /* ExemploTableView.app */;
			productType = "com.apple.product-type.application";
		};
/* End PBXNativeTarget section */

/* Begin PBXProject section */
		F1B7EB231DFABFB5000C0B02 /* Project object */ = {
			isa = PBXProject;
			attributes = {
				LastSwiftUpdateCheck = 0800;
				LastUpgradeCheck = 0800;
				ORGANIZATIONNAME = "Tiago - Eldorado";
				TargetAttributes = {
					F1B7EB2A1DFABFB5000C0B02 = {
						CreatedOnToolsVersion = 8.0;
						ProvisioningStyle = Automatic;
					};
				};
			};
			buildConfigurationList = F1B7EB261DFABFB5000C0B02 /* Build configuration list for PBXProject "ExemploTableView" */;
			compatibilityVersion = "Xcode 3.2";
			developmentRegion = English;
			hasScannedForEncodings = 0;
			knownRegions = (
				en,
				Base,
			);
			mainGroup = F1B7EB221DFABFB5000C0B02;
			productRefGroup = F1B7EB2C1DFABFB5000C0B02 /* Products */;
			projectDirPath = "";
			projectRoot = "";
			targets = (
				F1B7EB2A1DFABFB5000C0B02 /* ExemploTableView */,
			);
		};
/* End PBXProject section */

/* Begin PBXResourcesBuildPhase section */
		F1B7EB291DFABFB5000C0B02 /* Resources */ = {
			isa = PBXResourcesBuildPhase;
			buildActionMask = 2147483647;
			files = (
				F1B7EB391DFABFB5000C0B02 /* LaunchScreen.storyboard in Resources */,
				F1B7EB4B1DFADE56000C0B02 /* step-by-step in Resources */,
				F1B7EB361DFABFB5000C0B02 /* Assets.xcassets in Resources */,
				F1B7EB341DFABFB5000C0B02 /* Main.storyboard in Resources */,
			);
			runOnlyForDeploymentPostprocessing = 0;
		};
/* End PBXResourcesBuildPhase section */

/* Begin PBXSourcesBuildPhase section */
		F1B7EB271DFABFB5000C0B02 /* Sources */ = {
			isa = PBXSourcesBuildPhase;
			buildActionMask = 2147483647;
			files = (
				F1B7EB2F1DFABFB5000C0B02 /* AppDelegate.swift in Sources */,
				F1B7EB491DFACBC2000C0B02 /* AnimalTableViewCell.swift in Sources */,
				F1B7EB451DFAC282000C0B02 /* Animal.swift in Sources */,
				F1B7EB471DFAC529000C0B02 /* AnimaisTableViewController.swift in Sources */,
			);
			runOnlyForDeploymentPostprocessing = 0;
		};
/* End PBXSourcesBuildPhase section */

/* Begin PBXVariantGroup section */
		F1B7EB321DFABFB5000C0B02 /* Main.storyboard */ = {
			isa = PBXVariantGroup;
			children = (
				F1B7EB331DFABFB5000C0B02 /* Base */,
			);
			name = Main.storyboard;
			sourceTree = "<group>";
		};
		F1B7EB371DFABFB5000C0B02 /* LaunchScreen.storyboard */ = {
			isa = PBXVariantGroup;
			children = (
				F1B7EB381DFABFB5000C0B02 /* Base */,
			);
			name = LaunchScreen.storyboard;
			sourceTree = "<group>";
		};
/* End PBXVariantGroup section */

/* Begin XCBuildConfiguration section */
		F1B7EB3B1DFABFB5000C0B02 /* Debug */ = {
			isa = XCBuildConfiguration;
			buildSettings = {
				ALWAYS_SEARCH_USER_PATHS = NO;
				CLANG_ANALYZER_NONNULL = YES;
				CLANG_CXX_LANGUAGE_STANDARD = "gnu++0x";
				CLANG_CXX_LIBRARY = "libc++";
				CLANG_ENABLE_MODULES = YES;
				CLANG_ENABLE_OBJC_ARC = YES;
				CLANG_WARN_BOOL_CONVERSION = YES;
				CLANG_WARN_CONSTANT_CONVERSION = YES;
				CLANG_WARN_DIRECT_OBJC_ISA_USAGE = YES_ERROR;
				CLANG_WARN_DOCUMENTATION_COMMENTS = YES;
				CLANG_WARN_EMPTY_BODY = YES;
				CLANG_WARN_ENUM_CONVERSION = YES;
				CLANG_WARN_INFINITE_RECURSION = YES;
				CLANG_WARN_INT_CONVERSION = YES;
				CLANG_WARN_OBJC_ROOT_CLASS = YES_ERROR;
				CLANG_WARN_SUSPICIOUS_MOVES = YES;
				CLANG_WARN_UNREACHABLE_CODE = YES;
				CLANG_WARN__DUPLICATE_METHOD_MATCH = YES;
				"CODE_SIGN_IDENTITY[sdk=iphoneos*]" = "iPhone Developer";
				COPY_PHASE_STRIP = NO;
				DEBUG_INFORMATION_FORMAT = dwarf;
				ENABLE_STRICT_OBJC_MSGSEND = YES;
				ENABLE_TESTABILITY = YES;
				GCC_C_LANGUAGE_STANDARD = gnu99;
				GCC_DYNAMIC_NO_PIC = NO;
				GCC_NO_COMMON_BLOCKS = YES;
				GCC_OPTIMIZATION_LEVEL = 0;
				GCC_PREPROCESSOR_DEFINITIONS = (
					"DEBUG=1",
					"$(inherited)",
				);
				GCC_WARN_64_TO_32_BIT_CONVERSION = YES;
				GCC_WARN_ABOUT_RETURN_TYPE = YES_ERROR;
				GCC_WARN_UNDECLARED_SELECTOR = YES;
				GCC_WARN_UNINITIALIZED_AUTOS = YES_AGGRESSIVE;
				GCC_WARN_UNUSED_FUNCTION = YES;
				GCC_WARN_UNUSED_VARIABLE = YES;
				IPHONEOS_DEPLOYMENT_TARGET = 10.0;
				MTL_ENABLE_DEBUG_INFO = YES;
				ONLY_ACTIVE_ARCH = YES;
				SDKROOT = iphoneos;
				SWIFT_ACTIVE_COMPILATION_CONDITIONS = DEBUG;
				SWIFT_OPTIMIZATION_LEVEL = "-Onone";
				TARGETED_DEVICE_FAMILY = "1,2";
			};
			name = Debug;
		};
		F1B7EB3C1DFABFB5000C0B02 /* Release */ = {
			isa = XCBuildConfiguration;
			buildSettings = {
				ALWAYS_SEARCH_USER_PATHS = NO;
				CLANG_ANALYZER_NONNULL = YES;
				CLANG_CXX_LANGUAGE_STANDARD = "gnu++0x";
				CLANG_CXX_LIBRARY = "libc++";
				CLANG_ENABLE_MODULES = YES;
				CLANG_ENABLE_OBJC_ARC = YES;
				CLANG_WARN_BOOL_CONVERSION = YES;
				CLANG_WARN_CONSTANT_CONVERSION = YES;
				CLANG_WARN_DIRECT_OBJC_ISA_USAGE = YES_ERROR;
				CLANG_WARN_DOCUMENTATION_COMMENTS = YES;
				CLANG_WARN_EMPTY_BODY = YES;
				CLANG_WARN_ENUM_CONVERSION = YES;
				CLANG_WARN_INFINITE_RECURSION = YES;
				CLANG_WARN_INT_CONVERSION = YES;
				CLANG_WARN_OBJC_ROOT_CLASS = YES_ERROR;
				CLANG_WARN_SUSPICIOUS_MOVES = YES;
				CLANG_WARN_UNREACHABLE_CODE = YES;
				CLANG_WARN__DUPLICATE_METHOD_MATCH = YES;
				"CODE_SIGN_IDENTITY[sdk=iphoneos*]" = "iPhone Developer";
				COPY_PHASE_STRIP = NO;
				DEBUG_INFORMATION_FORMAT = "dwarf-with-dsym";
				ENABLE_NS_ASSERTIONS = NO;
				ENABLE_STRICT_OBJC_MSGSEND = YES;
				GCC_C_LANGUAGE_STANDARD = gnu99;
				GCC_NO_COMMON_BLOCKS = YES;
				GCC_WARN_64_TO_32_BIT_CONVERSION = YES;
				GCC_WARN_ABOUT_RETURN_TYPE = YES_ERROR;
				GCC_WARN_UNDECLARED_SELECTOR = YES;
				GCC_WARN_UNINITIALIZED_AUTOS = YES_AGGRESSIVE;
				GCC_WARN_UNUSED_FUNCTION = YES;
				GCC_WARN_UNUSED_VARIABLE = YES;
				IPHONEOS_DEPLOYMENT_TARGET = 10.0;
				MTL_ENABLE_DEBUG_INFO = NO;
				SDKROOT = iphoneos;
				SWIFT_OPTIMIZATION_LEVEL = "-Owholemodule";
				TARGETED_DEVICE_FAMILY = "1,2";
				VALIDATE_PRODUCT = YES;
			};
			name = Release;
		};
		F1B7EB3E1DFABFB5000C0B02 /* Debug */ = {
			isa = XCBuildConfiguration;
			buildSettings = {
				ASSETCATALOG_COMPILER_APPICON_NAME = AppIcon;
				INFOPLIST_FILE = ExemploTableView/Info.plist;
				LD_RUNPATH_SEARCH_PATHS = "$(inherited) @executable_path/Frameworks";
				PRODUCT_BUNDLE_IDENTIFIER = br.org.eldorado.tiago.ExemploTableView;
				PRODUCT_NAME = "$(TARGET_NAME)";
				SWIFT_VERSION = 3.0;
			};
			name = Debug;
		};
		F1B7EB3F1DFABFB5000C0B02 /* Release */ = {
			isa = XCBuildConfiguration;
			buildSettings = {
				ASSETCATALOG_COMPILER_APPICON_NAME = AppIcon;
				INFOPLIST_FILE = ExemploTableView/Info.plist;
				LD_RUNPATH_SEARCH_PATHS = "$(inherited) @executable_path/Frameworks";
				PRODUCT_BUNDLE_IDENTIFIER = br.org.eldorado.tiago.ExemploTableView;
				PRODUCT_NAME = "$(TARGET_NAME)";
				SWIFT_VERSION = 3.0;
			};
			name = Release;
		};
/* End XCBuildConfiguration section */

/* Begin XCConfigurationList section */
		F1B7EB261DFABFB5000C0B02 /* Build configuration list for PBXProject "ExemploTableView" */ = {
			isa = XCConfigurationList;
			buildConfigurations = (
				F1B7EB3B1DFABFB5000C0B02 /* Debug */,
				F1B7EB3C1DFABFB5000C0B02 /* Release */,
			);
			defaultConfigurationIsVisible = 0;
			defaultConfigurationName = Release;
		};
		F1B7EB3D1DFABFB5000C0B02 /* Build configuration list for PBXNativeTarget "ExemploTableView" */ = {
			isa = XCConfigurationList;
			buildConfigurations = (
				F1B7EB3E1DFABFB5000C0B02 /* Debug */,
				F1B7EB3F1DFABFB5000C0B02 /* Release */,
			);
			defaultConfigurationIsVisible = 0;
		};
/* End XCConfigurationList section */
	};
	rootObject = F1B7EB231DFABFB5000C0B02 /* Project object */;
}
