// !$*UTF8*$!
{
	archiveVersion = 1;
	classes = {
	};
	objectVersion = 46;
	objects = {

/* Begin PBXBuildFile section */
		92528CA71DF6DAA500C343D5 /* AppDelegate.swift in Sources */ = {isa = PBXBuildFile; fileRef = 92528CA61DF6DAA500C343D5 /* AppDelegate.swift */; };
		92528CA91DF6DAA500C343D5 /* ViewController.swift in Sources */ = {isa = PBXBuildFile; fileRef = 92528CA81DF6DAA500C343D5 /* ViewController.swift */; };
		92528CAC1DF6DAA500C343D5 /* Main.storyboard in Resources */ = {isa = PBXBuildFile; fileRef = 92528CAA1DF6DAA500C343D5 /* Main.storyboard */; };
		92528CAE1DF6DAA500C343D5 /* Assets.xcassets in Resources */ = {isa = PBXBuildFile; fileRef = 92528CAD1DF6DAA500C343D5 /* Assets.xcassets */; };
		92528CB11DF6DAA500C343D5 /* LaunchScreen.storyboard in Resources */ = {isa = PBXBuildFile; fileRef = 92528CAF1DF6DAA500C343D5 /* LaunchScreen.storyboard */; };
		92528CBA1DF6F77400C343D5 /* MapKit.framework in Frameworks */ = {isa = PBXBuildFile; fileRef = 92528CB91DF6F77300C343D5 /* MapKit.framework */; };
		92528CBC1DF6F7E700C343D5 /* CoreLocation.framework in Frameworks */ = {isa = PBXBuildFile; fileRef = 92528CBB1DF6F7E700C343D5 /* CoreLocation.framework */; };
/* End PBXBuildFile section */

/* Begin PBXFileReference section */
		92528CA31DF6DAA500C343D5 /* ExemploMapkit.app */ = {isa = PBXFileReference; explicitFileType = wrapper.application; includeInIndex = 0; path = ExemploMapkit.app; sourceTree = BUILT_PRODUCTS_DIR; };
		92528CA61DF6DAA500C343D5 /* AppDelegate.swift */ = {isa = PBXFileReference; lastKnownFileType = sourcecode.swift; path = AppDelegate.swift; sourceTree = "<group>"; };
		92528CA81DF6DAA500C343D5 /* ViewController.swift */ = {isa = PBXFileReference; lastKnownFileType = sourcecode.swift; path = ViewController.swift; sourceTree = "<group>"; };
		92528CAB1DF6DAA500C343D5 /* Base */ = {isa = PBXFileReference; lastKnownFileType = file.storyboard; name = Base; path = Base.lproj/Main.storyboard; sourceTree = "<group>"; };
		92528CAD1DF6DAA500C343D5 /* Assets.xcassets */ = {isa = PBXFileReference; lastKnownFileType = folder.assetcatalog; path = Assets.xcassets; sourceTree = "<group>"; };
		92528CB01DF6DAA500C343D5 /* Base */ = {isa = PBXFileReference; lastKnownFileType = file.storyboard; name = Base; path = Base.lproj/LaunchScreen.storyboard; sourceTree = "<group>"; };
		92528CB21DF6DAA500C343D5 /* Info.plist */ = {isa = PBXFileReference; lastKnownFileType = text.plist.xml; path = Info.plist; sourceTree = "<group>"; };
		92528CB91DF6F77300C343D5 /* MapKit.framework */ = {isa = PBXFileReference; lastKnownFileType = wrapper.framework; name = MapKit.framework; path = System/Library/Frameworks/MapKit.framework; sourceTree = SDKROOT; };
		92528CBB1DF6F7E700C343D5 /* CoreLocation.framework */ = {isa = PBXFileReference; lastKnownFileType = wrapper.framework; name = CoreLocation.framework; path = System/Library/Frameworks/CoreLocation.framework; sourceTree = SDKROOT; };
/* End PBXFileReference section */

/* Begin PBXFrameworksBuildPhase section */
		92528CA01DF6DAA500C343D5 /* Frameworks */ = {
			isa = PBXFrameworksBuildPhase;
			buildActionMask = 2147483647;
			files = (
				92528CBC1DF6F7E700C343D5 /* CoreLocation.framework in Frameworks */,
				92528CBA1DF6F77400C343D5 /* MapKit.framework in Frameworks */,
			);
			runOnlyForDeploymentPostprocessing = 0;
		};
/* End PBXFrameworksBuildPhase section */

/* Begin PBXGroup section */
		92528C9A1DF6DAA500C343D5 = {
			isa = PBXGroup;
			children = (
				92528CA51DF6DAA500C343D5 /* ExemploMapkit */,
				92528CA41DF6DAA500C343D5 /* Products */,
				92528CB81DF6F77300C343D5 /* Frameworks */,
			);
			sourceTree = "<group>";
		};
		92528CA41DF6DAA500C343D5 /* Products */ = {
			isa = PBXGroup;
			children = (
				92528CA31DF6DAA500C343D5 /* ExemploMapkit.app */,
			);
			name = Products;
			sourceTree = "<group>";
		};
		92528CA51DF6DAA500C343D5 /* ExemploMapkit */ = {
			isa = PBXGroup;
			children = (
				92528CA61DF6DAA500C343D5 /* AppDelegate.swift */,
				92528CA81DF6DAA500C343D5 /* ViewController.swift */,
				92528CAA1DF6DAA500C343D5 /* Main.storyboard */,
				92528CAD1DF6DAA500C343D5 /* Assets.xcassets */,
				92528CAF1DF6DAA500C343D5 /* LaunchScreen.storyboard */,
				92528CB21DF6DAA500C343D5 /* Info.plist */,
			);
			path = ExemploMapkit;
			sourceTree = "<group>";
		};
		92528CB81DF6F77300C343D5 /* Frameworks */ = {
			isa = PBXGroup;
			children = (
				92528CBB1DF6F7E700C343D5 /* CoreLocation.framework */,
				92528CB91DF6F77300C343D5 /* MapKit.framework */,
			);
			name = Frameworks;
			sourceTree = "<group>";
		};
/* End PBXGroup section */

/* Begin PBXNativeTarget section */
		92528CA21DF6DAA500C343D5 /* ExemploMapkit */ = {
			isa = PBXNativeTarget;
			buildConfigurationList = 92528CB51DF6DAA500C343D5 /* Build configuration list for PBXNativeTarget "ExemploMapkit" */;
			buildPhases = (
				92528C9F1DF6DAA500C343D5 /* Sources */,
				92528CA01DF6DAA500C343D5 /* Frameworks */,
				92528CA11DF6DAA500C343D5 /* Resources */,
			);
			buildRules = (
			);
			dependencies = (
			);
			name = ExemploMapkit;
			productName = ExemploMapkit;
			productReference = 92528CA31DF6DAA500C343D5 /* ExemploMapkit.app */;
			productType = "com.apple.product-type.application";
		};
/* End PBXNativeTarget section */

/* Begin PBXProject section */
		92528C9B1DF6DAA500C343D5 /* Project object */ = {
			isa = PBXProject;
			attributes = {
				LastSwiftUpdateCheck = 0800;
				LastUpgradeCheck = 0820;
				ORGANIZATIONNAME = "Francini Carvalho";
				TargetAttributes = {
					92528CA21DF6DAA500C343D5 = {
						CreatedOnToolsVersion = 8.0;
						ProvisioningStyle = Automatic;
						SystemCapabilities = {
							com.apple.Maps.iOS = {
								enabled = 1;
							};
						};
					};
				};
			};
			buildConfigurationList = 92528C9E1DF6DAA500C343D5 /* Build configuration list for PBXProject "ExemploMapkit" */;
			compatibilityVersion = "Xcode 3.2";
			developmentRegion = English;
			hasScannedForEncodings = 0;
			knownRegions = (
				en,
				Base,
			);
			mainGroup = 92528C9A1DF6DAA500C343D5;
			productRefGroup = 92528CA41DF6DAA500C343D5 /* Products */;
			projectDirPath = "";
			projectRoot = "";
			targets = (
				92528CA21DF6DAA500C343D5 /* ExemploMapkit */,
			);
		};
/* End PBXProject section */

/* Begin PBXResourcesBuildPhase section */
		92528CA11DF6DAA500C343D5 /* Resources */ = {
			isa = PBXResourcesBuildPhase;
			buildActionMask = 2147483647;
			files = (
				92528CB11DF6DAA500C343D5 /* LaunchScreen.storyboard in Resources */,
				92528CAE1DF6DAA500C343D5 /* Assets.xcassets in Resources */,
				92528CAC1DF6DAA500C343D5 /* Main.storyboard in Resources */,
			);
			runOnlyForDeploymentPostprocessing = 0;
		};
/* End PBXResourcesBuildPhase section */

/* Begin PBXSourcesBuildPhase section */
		92528C9F1DF6DAA500C343D5 /* Sources */ = {
			isa = PBXSourcesBuildPhase;
			buildActionMask = 2147483647;
			files = (
				92528CA91DF6DAA500C343D5 /* ViewController.swift in Sources */,
				92528CA71DF6DAA500C343D5 /* AppDelegate.swift in Sources */,
			);
			runOnlyForDeploymentPostprocessing = 0;
		};
/* End PBXSourcesBuildPhase section */

/* Begin PBXVariantGroup section */
		92528CAA1DF6DAA500C343D5 /* Main.storyboard */ = {
			isa = PBXVariantGroup;
			children = (
				92528CAB1DF6DAA500C343D5 /* Base */,
			);
			name = Main.storyboard;
			sourceTree = "<group>";
		};
		92528CAF1DF6DAA500C343D5 /* LaunchScreen.storyboard */ = {
			isa = PBXVariantGroup;
			children = (
				92528CB01DF6DAA500C343D5 /* Base */,
			);
			name = LaunchScreen.storyboard;
			sourceTree = "<group>";
		};
/* End PBXVariantGroup section */

/* Begin XCBuildConfiguration section */
		92528CB31DF6DAA500C343D5 /* Debug */ = {
			isa = XCBuildConfiguration;
			buildSettings = {
				ALWAYS_SEARCH_USER_PATHS = NO;
				CLANG_ANALYZER_NONNULL = YES;
				CLANG_CXX_LANGUAGE_STANDARD = "gnu++0x";
				CLANG_CXX_LIBRARY = "libc++";
				CLANG_ENABLE_MODULES = YES;
				CLANG_ENABLE_OBJC_ARC = YES;
				CLANG_WARN_BOOL_CONVERSION = YES;
				CLANG_WARN_CONSTANT_CONVERSION = YES;
				CLANG_WARN_DIRECT_OBJC_ISA_USAGE = YES_ERROR;
				CLANG_WARN_DOCUMENTATION_COMMENTS = YES;
				CLANG_WARN_EMPTY_BODY = YES;
				CLANG_WARN_ENUM_CONVERSION = YES;
				CLANG_WARN_INFINITE_RECURSION = YES;
				CLANG_WARN_INT_CONVERSION = YES;
				CLANG_WARN_OBJC_ROOT_CLASS = YES_ERROR;
				CLANG_WARN_SUSPICIOUS_MOVE = YES;
				CLANG_WARN_SUSPICIOUS_MOVES = YES;
				CLANG_WARN_UNREACHABLE_CODE = YES;
				CLANG_WARN__DUPLICATE_METHOD_MATCH = YES;
				"CODE_SIGN_IDENTITY[sdk=iphoneos*]" = "iPhone Developer";
				COPY_PHASE_STRIP = NO;
				DEBUG_INFORMATION_FORMAT = dwarf;
				ENABLE_STRICT_OBJC_MSGSEND = YES;
				ENABLE_TESTABILITY = YES;
				GCC_C_LANGUAGE_STANDARD = gnu99;
				GCC_DYNAMIC_NO_PIC = NO;
				GCC_NO_COMMON_BLOCKS = YES;
				GCC_OPTIMIZATION_LEVEL = 0;
				GCC_PREPROCESSOR_DEFINITIONS = (
					"DEBUG=1",
					"$(inherited)",
				);
				GCC_WARN_64_TO_32_BIT_CONVERSION = YES;
				GCC_WARN_ABOUT_RETURN_TYPE = YES_ERROR;
				GCC_WARN_UNDECLARED_SELECTOR = YES;
				GCC_WARN_UNINITIALIZED_AUTOS = YES_AGGRESSIVE;
				GCC_WARN_UNUSED_FUNCTION = YES;
				GCC_WARN_UNUSED_VARIABLE = YES;
				IPHONEOS_DEPLOYMENT_TARGET = 10.0;
				MTL_ENABLE_DEBUG_INFO = YES;
				ONLY_ACTIVE_ARCH = YES;
				SDKROOT = iphoneos;
				SWIFT_ACTIVE_COMPILATION_CONDITIONS = DEBUG;
				SWIFT_OPTIMIZATION_LEVEL = "-Onone";
				TARGETED_DEVICE_FAMILY = "1,2";
			};
			name = Debug;
		};
		92528CB41DF6DAA500C343D5 /* Release */ = {
			isa = XCBuildConfiguration;
			buildSettings = {
				ALWAYS_SEARCH_USER_PATHS = NO;
				CLANG_ANALYZER_NONNULL = YES;
				CLANG_CXX_LANGUAGE_STANDARD = "gnu++0x";
				CLANG_CXX_LIBRARY = "libc++";
				CLANG_ENABLE_MODULES = YES;
				CLANG_ENABLE_OBJC_ARC = YES;
				CLANG_WARN_BOOL_CONVERSION = YES;
				CLANG_WARN_CONSTANT_CONVERSION = YES;
				CLANG_WARN_DIRECT_OBJC_ISA_USAGE = YES_ERROR;
				CLANG_WARN_DOCUMENTATION_COMMENTS = YES;
				CLANG_WARN_EMPTY_BODY = YES;
				CLANG_WARN_ENUM_CONVERSION = YES;
				CLANG_WARN_INFINITE_RECURSION = YES;
				CLANG_WARN_INT_CONVERSION = YES;
				CLANG_WARN_OBJC_ROOT_CLASS = YES_ERROR;
				CLANG_WARN_SUSPICIOUS_MOVE = YES;
				CLANG_WARN_SUSPICIOUS_MOVES = YES;
				CLANG_WARN_UNREACHABLE_CODE = YES;
				CLANG_WARN__DUPLICATE_METHOD_MATCH = YES;
				"CODE_SIGN_IDENTITY[sdk=iphoneos*]" = "iPhone Developer";
				COPY_PHASE_STRIP = NO;
				DEBUG_INFORMATION_FORMAT = "dwarf-with-dsym";
				ENABLE_NS_ASSERTIONS = NO;
				ENABLE_STRICT_OBJC_MSGSEND = YES;
				GCC_C_LANGUAGE_STANDARD = gnu99;
				GCC_NO_COMMON_BLOCKS = YES;
				GCC_WARN_64_TO_32_BIT_CONVERSION = YES;
				GCC_WARN_ABOUT_RETURN_TYPE = YES_ERROR;
				GCC_WARN_UNDECLARED_SELECTOR = YES;
				GCC_WARN_UNINITIALIZED_AUTOS = YES_AGGRESSIVE;
				GCC_WARN_UNUSED_FUNCTION = YES;
				GCC_WARN_UNUSED_VARIABLE = YES;
				IPHONEOS_DEPLOYMENT_TARGET = 10.0;
				MTL_ENABLE_DEBUG_INFO = NO;
				SDKROOT = iphoneos;
				SWIFT_OPTIMIZATION_LEVEL = "-Owholemodule";
				TARGETED_DEVICE_FAMILY = "1,2";
				VALIDATE_PRODUCT = YES;
			};
			name = Release;
		};
		92528CB61DF6DAA500C343D5 /* Debug */ = {
			isa = XCBuildConfiguration;
			buildSettings = {
				ASSETCATALOG_COMPILER_APPICON_NAME = AppIcon;
				INFOPLIST_FILE = ExemploMapkit/Info.plist;
				LD_RUNPATH_SEARCH_PATHS = "$(inherited) @executable_path/Frameworks";
				PRODUCT_BUNDLE_IDENTIFIER = com.francini.ExemploMapkit;
				PRODUCT_NAME = "$(TARGET_NAME)";
				SWIFT_VERSION = 3.0;
			};
			name = Debug;
		};
		92528CB71DF6DAA500C343D5 /* Release */ = {
			isa = XCBuildConfiguration;
			buildSettings = {
				ASSETCATALOG_COMPILER_APPICON_NAME = AppIcon;
				INFOPLIST_FILE = ExemploMapkit/Info.plist;
				LD_RUNPATH_SEARCH_PATHS = "$(inherited) @executable_path/Frameworks";
				PRODUCT_BUNDLE_IDENTIFIER = com.francini.ExemploMapkit;
				PRODUCT_NAME = "$(TARGET_NAME)";
				SWIFT_VERSION = 3.0;
			};
			name = Release;
		};
/* End XCBuildConfiguration section */

/* Begin XCConfigurationList section */
		92528C9E1DF6DAA500C343D5 /* Build configuration list for PBXProject "ExemploMapkit" */ = {
			isa = XCConfigurationList;
			buildConfigurations = (
				92528CB31DF6DAA500C343D5 /* Debug */,
				92528CB41DF6DAA500C343D5 /* Release */,
			);
			defaultConfigurationIsVisible = 0;
			defaultConfigurationName = Release;
		};
		92528CB51DF6DAA500C343D5 /* Build configuration list for PBXNativeTarget "ExemploMapkit" */ = {
			isa = XCConfigurationList;
			buildConfigurations = (
				92528CB61DF6DAA500C343D5 /* Debug */,
				92528CB71DF6DAA500C343D5 /* Release */,
			);
			defaultConfigurationIsVisible = 0;
			defaultConfigurationName = Release;
		};
/* End XCConfigurationList section */
	};
	rootObject = 92528C9B1DF6DAA500C343D5 /* Project object */;
}
